
Microsoft Visual Studio Solution File, Format Version 12.00
# Visual Studio Version 16
VisualStudioVersion = 16.0.31911.196
MinimumVisualStudioVersion = 10.0.40219.1
Project("{888888A0-9F3D-457C-B088-3A5042F75D52}") = "Day01", "Day01\Day01.pyproj", "{A21DE3AE-1DE3-47BC-97EF-BBB5A46EECBB}"
EndProject
Project("{888888A0-9F3D-457C-B088-3A5042F75D52}") = "Day02", "Day02\Day02.pyproj", "{046D81C1-C013-47AA-94F6-374FBB07BB50}"
EndProject
Project("{888888A0-9F3D-457C-B088-3A5042F75D52}") = "Day03", "Day03\Day03.pyproj", "{12FA7F77-BA4E-4139-86DD-082C79EEFB09}"
EndProject
Project("{888888A0-9F3D-457C-B088-3A5042F75D52}") = "Day06", "Day06\Day06.pyproj", "{9740BE27-4C26-414A-9B50-F97D147FE72D}"
EndProject
Global
	GlobalSection(SolutionConfigurationPlatforms) = preSolution
		Debug|Any CPU = Debug|Any CPU
		Release|Any CPU = Release|Any CPU
	EndGlobalSection
	GlobalSection(ProjectConfigurationPlatforms) = postSolution
		{A21DE3AE-1DE3-47BC-97EF-BBB5A46EECBB}.Debug|Any CPU.ActiveCfg = Debug|Any CPU
		{A21DE3AE-1DE3-47BC-97EF-BBB5A46EECBB}.Release|Any CPU.ActiveCfg = Release|Any CPU
		{046D81C1-C013-47AA-94F6-374FBB07BB50}.Debug|Any CPU.ActiveCfg = Debug|Any CPU
		{046D81C1-C013-47AA-94F6-374FBB07BB50}.Release|Any CPU.ActiveCfg = Release|Any CPU
		{12FA7F77-BA4E-4139-86DD-082C79EEFB09}.Debug|Any CPU.ActiveCfg = Debug|Any CPU
		{12FA7F77-BA4E-4139-86DD-082C79EEFB09}.Release|Any CPU.ActiveCfg = Release|Any CPU
		{9740BE27-4C26-414A-9B50-F97D147FE72D}.Debug|Any CPU.ActiveCfg = Debug|Any CPU
		{9740BE27-4C26-414A-9B50-F97D147FE72D}.Release|Any CPU.ActiveCfg = Release|Any CPU
	EndGlobalSection
	GlobalSection(SolutionProperties) = preSolution
		HideSolutionNode = FALSE
	EndGlobalSection
	GlobalSection(ExtensibilityGlobals) = postSolution
		SolutionGuid = {95B17BA7-5AE3-42F6-BD57-C9F929F0CACE}
	EndGlobalSection
EndGlobal
